// !$*UTF8*$!
{
	archiveVersion = 1;
	classes = {
	};
	objectVersion = 46;
	objects = {

/* Begin PBXBuildFile section */
		EEBDCA441E1B4F1600DC9EB1 /* DaliConnector.swift in Sources */ = {isa = PBXBuildFile; fileRef = EEBDCA431E1B4F1600DC9EB1 /* DaliConnector.swift */; };
		EEBDCA461E1B4F2600DC9EB1 /* HTTPRequest.swift in Sources */ = {isa = PBXBuildFile; fileRef = EEBDCA451E1B4F2600DC9EB1 /* HTTPRequest.swift */; };
		EEEC95801E1B418F0053618F /* AppDelegate.swift in Sources */ = {isa = PBXBuildFile; fileRef = EEEC957F1E1B418F0053618F /* AppDelegate.swift */; };
		EEEC95821E1B418F0053618F /* ViewController.swift in Sources */ = {isa = PBXBuildFile; fileRef = EEEC95811E1B418F0053618F /* ViewController.swift */; };
		EEEC95841E1B418F0053618F /* Assets.xcassets in Resources */ = {isa = PBXBuildFile; fileRef = EEEC95831E1B418F0053618F /* Assets.xcassets */; };
		EEEC95871E1B418F0053618F /* Main.storyboard in Resources */ = {isa = PBXBuildFile; fileRef = EEEC95851E1B418F0053618F /* Main.storyboard */; };
		EEEC958F1E1B41B20053618F /* WindowController.swift in Sources */ = {isa = PBXBuildFile; fileRef = EEEC958E1E1B41B20053618F /* WindowController.swift */; };
/* End PBXBuildFile section */

/* Begin PBXFileReference section */
		EEBDCA431E1B4F1600DC9EB1 /* DaliConnector.swift */ = {isa = PBXFileReference; fileEncoding = 4; lastKnownFileType = sourcecode.swift; path = DaliConnector.swift; sourceTree = "<group>"; };
		EEBDCA451E1B4F2600DC9EB1 /* HTTPRequest.swift */ = {isa = PBXFileReference; fileEncoding = 4; lastKnownFileType = sourcecode.swift; path = HTTPRequest.swift; sourceTree = "<group>"; };
		EEEC957C1E1B418F0053618F /* CCCB Lighter.app */ = {isa = PBXFileReference; explicitFileType = wrapper.application; includeInIndex = 0; path = "CCCB Lighter.app"; sourceTree = BUILT_PRODUCTS_DIR; };
		EEEC957F1E1B418F0053618F /* AppDelegate.swift */ = {isa = PBXFileReference; lastKnownFileType = sourcecode.swift; path = AppDelegate.swift; sourceTree = "<group>"; };
		EEEC95811E1B418F0053618F /* ViewController.swift */ = {isa = PBXFileReference; lastKnownFileType = sourcecode.swift; path = ViewController.swift; sourceTree = "<group>"; };
		EEEC95831E1B418F0053618F /* Assets.xcassets */ = {isa = PBXFileReference; lastKnownFileType = folder.assetcatalog; path = Assets.xcassets; sourceTree = "<group>"; };
		EEEC95861E1B418F0053618F /* Base */ = {isa = PBXFileReference; lastKnownFileType = file.storyboard; name = Base; path = Base.lproj/Main.storyboard; sourceTree = "<group>"; };
		EEEC95881E1B418F0053618F /* Info.plist */ = {isa = PBXFileReference; lastKnownFileType = text.plist.xml; path = Info.plist; sourceTree = "<group>"; };
		EEEC958E1E1B41B20053618F /* WindowController.swift */ = {isa = PBXFileReference; fileEncoding = 4; lastKnownFileType = sourcecode.swift; path = WindowController.swift; sourceTree = "<group>"; };
/* End PBXFileReference section */

/* Begin PBXFrameworksBuildPhase section */
		EEEC95791E1B418F0053618F /* Frameworks */ = {
			isa = PBXFrameworksBuildPhase;
			buildActionMask = 2147483647;
			files = (
			);
			runOnlyForDeploymentPostprocessing = 0;
		};
/* End PBXFrameworksBuildPhase section */

/* Begin PBXGroup section */
		EEEC95731E1B418F0053618F = {
			isa = PBXGroup;
			children = (
				EEEC957E1E1B418F0053618F /* CCCB Lighter */,
				EEEC957D1E1B418F0053618F /* Products */,
			);
			sourceTree = "<group>";
		};
		EEEC957D1E1B418F0053618F /* Products */ = {
			isa = PBXGroup;
			children = (
				EEEC957C1E1B418F0053618F /* CCCB Lighter.app */,
			);
			name = Products;
			sourceTree = "<group>";
		};
		EEEC957E1E1B418F0053618F /* CCCB Lighter */ = {
			isa = PBXGroup;
			children = (
				EEEC957F1E1B418F0053618F /* AppDelegate.swift */,
				EEEC958E1E1B41B20053618F /* WindowController.swift */,
				EEEC95811E1B418F0053618F /* ViewController.swift */,
				EEBDCA431E1B4F1600DC9EB1 /* DaliConnector.swift */,
				EEBDCA451E1B4F2600DC9EB1 /* HTTPRequest.swift */,
				EEEC95831E1B418F0053618F /* Assets.xcassets */,
				EEEC95851E1B418F0053618F /* Main.storyboard */,
				EEEC95881E1B418F0053618F /* Info.plist */,
			);
			path = "CCCB Lighter";
			sourceTree = "<group>";
		};
/* End PBXGroup section */

/* Begin PBXNativeTarget section */
		EEEC957B1E1B418F0053618F /* CCCB Lighter */ = {
			isa = PBXNativeTarget;
			buildConfigurationList = EEEC958B1E1B418F0053618F /* Build configuration list for PBXNativeTarget "CCCB Lighter" */;
			buildPhases = (
				EEEC95781E1B418F0053618F /* Sources */,
				EEEC95791E1B418F0053618F /* Frameworks */,
				EEEC957A1E1B418F0053618F /* Resources */,
			);
			buildRules = (
			);
			dependencies = (
			);
			name = "CCCB Lighter";
			productName = "CCCB Lighter";
			productReference = EEEC957C1E1B418F0053618F /* CCCB Lighter.app */;
			productType = "com.apple.product-type.application";
		};
/* End PBXNativeTarget section */

/* Begin PBXProject section */
		EEEC95741E1B418F0053618F /* Project object */ = {
			isa = PBXProject;
			attributes = {
				LastSwiftUpdateCheck = 0820;
				LastUpgradeCheck = 0820;
				ORGANIZATIONNAME = mxa;
				TargetAttributes = {
					EEEC957B1E1B418F0053618F = {
						CreatedOnToolsVersion = 8.2.1;
						DevelopmentTeam = JGMFM42JM6;
						ProvisioningStyle = Automatic;
					};
				};
			};
			buildConfigurationList = EEEC95771E1B418F0053618F /* Build configuration list for PBXProject "CCCB Lighter" */;
			compatibilityVersion = "Xcode 3.2";
			developmentRegion = English;
			hasScannedForEncodings = 0;
			knownRegions = (
				en,
				Base,
			);
			mainGroup = EEEC95731E1B418F0053618F;
			productRefGroup = EEEC957D1E1B418F0053618F /* Products */;
			projectDirPath = "";
			projectRoot = "";
			targets = (
				EEEC957B1E1B418F0053618F /* CCCB Lighter */,
			);
		};
/* End PBXProject section */

/* Begin PBXResourcesBuildPhase section */
		EEEC957A1E1B418F0053618F /* Resources */ = {
			isa = PBXResourcesBuildPhase;
			buildActionMask = 2147483647;
			files = (
				EEEC95841E1B418F0053618F /* Assets.xcassets in Resources */,
				EEEC95871E1B418F0053618F /* Main.storyboard in Resources */,
			);
			runOnlyForDeploymentPostprocessing = 0;
		};
/* End PBXResourcesBuildPhase section */

/* Begin PBXSourcesBuildPhase section */
		EEEC95781E1B418F0053618F /* Sources */ = {
			isa = PBXSourcesBuildPhase;
			buildActionMask = 2147483647;
			files = (
				EEEC95821E1B418F0053618F /* ViewController.swift in Sources */,
				EEEC95801E1B418F0053618F /* AppDelegate.swift in Sources */,
				EEBDCA461E1B4F2600DC9EB1 /* HTTPRequest.swift in Sources */,
				EEEC958F1E1B41B20053618F /* WindowController.swift in Sources */,
				EEBDCA441E1B4F1600DC9EB1 /* DaliConnector.swift in Sources */,
			);
			runOnlyForDeploymentPostprocessing = 0;
		};
/* End PBXSourcesBuildPhase section */

/* Begin PBXVariantGroup section */
		EEEC95851E1B418F0053618F /* Main.storyboard */ = {
			isa = PBXVariantGroup;
			children = (
				EEEC95861E1B418F0053618F /* Base */,
			);
			name = Main.storyboard;
			sourceTree = "<group>";
		};
/* End PBXVariantGroup section */

/* Begin XCBuildConfiguration section */
		EEEC95891E1B418F0053618F /* Debug */ = {
			isa = XCBuildConfiguration;
			buildSettings = {
				ALWAYS_SEARCH_USER_PATHS = NO;
				CLANG_ANALYZER_NONNULL = YES;
				CLANG_CXX_LANGUAGE_STANDARD = "gnu++0x";
				CLANG_CXX_LIBRARY = "libc++";
				CLANG_ENABLE_MODULES = YES;
				CLANG_ENABLE_OBJC_ARC = YES;
				CLANG_WARN_BOOL_CONVERSION = YES;
				CLANG_WARN_CONSTANT_CONVERSION = YES;
				CLANG_WARN_DIRECT_OBJC_ISA_USAGE = YES_ERROR;
				CLANG_WARN_DOCUMENTATION_COMMENTS = YES;
				CLANG_WARN_EMPTY_BODY = YES;
				CLANG_WARN_ENUM_CONVERSION = YES;
				CLANG_WARN_INFINITE_RECURSION = YES;
				CLANG_WARN_INT_CONVERSION = YES;
				CLANG_WARN_OBJC_ROOT_CLASS = YES_ERROR;
				CLANG_WARN_SUSPICIOUS_MOVE = YES;
				CLANG_WARN_UNREACHABLE_CODE = YES;
				CLANG_WARN__DUPLICATE_METHOD_MATCH = YES;
				CODE_SIGN_IDENTITY = "-";
				COPY_PHASE_STRIP = NO;
				DEBUG_INFORMATION_FORMAT = dwarf;
				ENABLE_STRICT_OBJC_MSGSEND = YES;
				ENABLE_TESTABILITY = YES;
				GCC_C_LANGUAGE_STANDARD = gnu99;
				GCC_DYNAMIC_NO_PIC = NO;
				GCC_NO_COMMON_BLOCKS = YES;
				GCC_OPTIMIZATION_LEVEL = 0;
				GCC_PREPROCESSOR_DEFINITIONS = (
					"DEBUG=1",
					"$(inherited)",
				);
				GCC_WARN_64_TO_32_BIT_CONVERSION = YES;
				GCC_WARN_ABOUT_RETURN_TYPE = YES_ERROR;
				GCC_WARN_UNDECLARED_SELECTOR = YES;
				GCC_WARN_UNINITIALIZED_AUTOS = YES_AGGRESSIVE;
				GCC_WARN_UNUSED_FUNCTION = YES;
				GCC_WARN_UNUSED_VARIABLE = YES;
				MACOSX_DEPLOYMENT_TARGET = 10.12;
				MTL_ENABLE_DEBUG_INFO = YES;
				ONLY_ACTIVE_ARCH = YES;
				SDKROOT = macosx;
				SWIFT_ACTIVE_COMPILATION_CONDITIONS = DEBUG;
				SWIFT_OPTIMIZATION_LEVEL = "-Onone";
			};
			name = Debug;
		};
		EEEC958A1E1B418F0053618F /* Release */ = {
			isa = XCBuildConfiguration;
			buildSettings = {
				ALWAYS_SEARCH_USER_PATHS = NO;
				CLANG_ANALYZER_NONNULL = YES;
				CLANG_CXX_LANGUAGE_STANDARD = "gnu++0x";
				CLANG_CXX_LIBRARY = "libc++";
				CLANG_ENABLE_MODULES = YES;
				CLANG_ENABLE_OBJC_ARC = YES;
				CLANG_WARN_BOOL_CONVERSION = YES;
				CLANG_WARN_CONSTANT_CONVERSION = YES;
				CLANG_WARN_DIRECT_OBJC_ISA_USAGE = YES_ERROR;
				CLANG_WARN_DOCUMENTATION_COMMENTS = YES;
				CLANG_WARN_EMPTY_BODY = YES;
				CLANG_WARN_ENUM_CONVERSION = YES;
				CLANG_WARN_INFINITE_RECURSION = YES;
				CLANG_WARN_INT_CONVERSION = YES;
				CLANG_WARN_OBJC_ROOT_CLASS = YES_ERROR;
				CLANG_WARN_SUSPICIOUS_MOVE = YES;
				CLANG_WARN_UNREACHABLE_CODE = YES;
				CLANG_WARN__DUPLICATE_METHOD_MATCH = YES;
				CODE_SIGN_IDENTITY = "-";
				COPY_PHASE_STRIP = NO;
				DEBUG_INFORMATION_FORMAT = "dwarf-with-dsym";
				ENABLE_NS_ASSERTIONS = NO;
				ENABLE_STRICT_OBJC_MSGSEND = YES;
				GCC_C_LANGUAGE_STANDARD = gnu99;
				GCC_NO_COMMON_BLOCKS = YES;
				GCC_WARN_64_TO_32_BIT_CONVERSION = YES;
				GCC_WARN_ABOUT_RETURN_TYPE = YES_ERROR;
				GCC_WARN_UNDECLARED_SELECTOR = YES;
				GCC_WARN_UNINITIALIZED_AUTOS = YES_AGGRESSIVE;
				GCC_WARN_UNUSED_FUNCTION = YES;
				GCC_WARN_UNUSED_VARIABLE = YES;
				MACOSX_DEPLOYMENT_TARGET = 10.12;
				MTL_ENABLE_DEBUG_INFO = NO;
				SDKROOT = macosx;
				SWIFT_OPTIMIZATION_LEVEL = "-Owholemodule";
			};
			name = Release;
		};
		EEEC958C1E1B418F0053618F /* Debug */ = {
			isa = XCBuildConfiguration;
			buildSettings = {
				ASSETCATALOG_COMPILER_APPICON_NAME = AppIcon;
				COMBINE_HIDPI_IMAGES = YES;
				DEVELOPMENT_TEAM = JGMFM42JM6;
				INFOPLIST_FILE = "CCCB Lighter/Info.plist";
				LD_RUNPATH_SEARCH_PATHS = "$(inherited) @executable_path/../Frameworks";
				PRODUCT_BUNDLE_IDENTIFIER = "zerob.mxa.CCCB-Lighter";
				PRODUCT_NAME = "$(TARGET_NAME)";
				SWIFT_VERSION = 3.0;
			};
			name = Debug;
		};
		EEEC958D1E1B418F0053618F /* Release */ = {
			isa = XCBuildConfiguration;
			buildSettings = {
				ASSETCATALOG_COMPILER_APPICON_NAME = AppIcon;
				COMBINE_HIDPI_IMAGES = YES;
				DEVELOPMENT_TEAM = JGMFM42JM6;
				INFOPLIST_FILE = "CCCB Lighter/Info.plist";
				LD_RUNPATH_SEARCH_PATHS = "$(inherited) @executable_path/../Frameworks";
				PRODUCT_BUNDLE_IDENTIFIER = "zerob.mxa.CCCB-Lighter";
				PRODUCT_NAME = "$(TARGET_NAME)";
				SWIFT_VERSION = 3.0;
			};
			name = Release;
		};
/* End XCBuildConfiguration section */

/* Begin XCConfigurationList section */
		EEEC95771E1B418F0053618F /* Build configuration list for PBXProject "CCCB Lighter" */ = {
			isa = XCConfigurationList;
			buildConfigurations = (
				EEEC95891E1B418F0053618F /* Debug */,
				EEEC958A1E1B418F0053618F /* Release */,
			);
			defaultConfigurationIsVisible = 0;
			defaultConfigurationName = Release;
		};
		EEEC958B1E1B418F0053618F /* Build configuration list for PBXNativeTarget "CCCB Lighter" */ = {
			isa = XCConfigurationList;
			buildConfigurations = (
				EEEC958C1E1B418F0053618F /* Debug */,
				EEEC958D1E1B418F0053618F /* Release */,
			);
			defaultConfigurationIsVisible = 0;
			defaultConfigurationName = Release;
		};
/* End XCConfigurationList section */
	};
	rootObject = EEEC95741E1B418F0053618F /* Project object */;
}
